
Microsoft Visual Studio Solution File, Format Version 12.00
Project("{FAE04EC0-301F-11D3-BF4B-00C04F79EFBC}") = "CreatingCliTools", "CreatingCliTools\CreatingCliTools.csproj", "{6ACC3E5D-3DD6-4DE3-88F0-8C3CE11ACE62}"
EndProject
Global
	GlobalSection(SolutionConfigurationPlatforms) = preSolution
		Debug|Any CPU = Debug|Any CPU
		Release|Any CPU = Release|Any CPU
	EndGlobalSection
	GlobalSection(ProjectConfigurationPlatforms) = postSolution
		{6ACC3E5D-3DD6-4DE3-88F0-8C3CE11ACE62}.Debug|Any CPU.ActiveCfg = Debug|Any CPU
		{6ACC3E5D-3DD6-4DE3-88F0-8C3CE11ACE62}.Debug|Any CPU.Build.0 = Debug|Any CPU
		{6ACC3E5D-3DD6-4DE3-88F0-8C3CE11ACE62}.Release|Any CPU.ActiveCfg = Release|Any CPU
		{6ACC3E5D-3DD6-4DE3-88F0-8C3CE11ACE62}.Release|Any CPU.Build.0 = Release|Any CPU
	EndGlobalSection
EndGlobal
